
Microsoft Visual Studio Solution File, Format Version 12.00
# Visual Studio Version 16
VisualStudioVersion = 16.0.33927.289
MinimumVisualStudioVersion = 10.0.40219.1
Project("{FAE04EC0-301F-11D3-BF4B-00C04F79EFBC}") = "Tyuiu.BakhtiyarovDR.Sprint5.Task0.V19", "Tyuiu.BakhtiyarovDR.Sprint5.Task0.V19\Tyuiu.BakhtiyarovDR.Sprint5.Task0.V19.csproj", "{943C64A6-0C12-4653-BD05-5AA6A580F877}"
EndProject
Project("{2150E333-8FDC-42A3-9474-1A3956D46DE8}") = "Task0", "Task0", "{9E45725B-A123-4F8A-9F4A-4BF4523812E5}"
EndProject
Project("{FAE04EC0-301F-11D3-BF4B-00C04F79EFBC}") = "Tyuiu.BakhtiyarovDR.Sprint5.Task0.V19.Lib", "Tyuiu.BakhtiyarovDR.Sprint5.Task0.V19.Lib\Tyuiu.BakhtiyarovDR.Sprint5.Task0.V19.Lib.csproj", "{45E61E63-83A6-405E-A437-D19888C5BB45}"
EndProject
Project("{FAE04EC0-301F-11D3-BF4B-00C04F79EFBC}") = "Tyuiu.BakhtiyarovDR.Sprint5.Task0.V19.Test", "Tyuiu.BakhtiyarovDR.Sprint5.Task0.V19.Test\Tyuiu.BakhtiyarovDR.Sprint5.Task0.V19.Test.csproj", "{D4D2ADE4-F691-4CD5-AD26-FB5F81875C85}"
EndProject
Project("{2150E333-8FDC-42A3-9474-1A3956D46DE8}") = "Task1", "Task1", "{15617700-7565-4100-933D-215EAC7A5C2E}"
EndProject
Project("{FAE04EC0-301F-11D3-BF4B-00C04F79EFBC}") = "Tyuiu.BakhtiyarovDR.Sprint5.Task1.V29", "Tyuiu.BakhtiyarovDR.Sprint5.Task1.V29\Tyuiu.BakhtiyarovDR.Sprint5.Task1.V29.csproj", "{C68B5425-73E1-42BB-8502-1F121C1C01B9}"
EndProject
Project("{FAE04EC0-301F-11D3-BF4B-00C04F79EFBC}") = "Tyuiu.BakhtiyarovDR.Sprint5.Task1.V29.Lib", "Tyuiu.BakhtiyarovDR.Sprint5.Task1.V29.Lib\Tyuiu.BakhtiyarovDR.Sprint5.Task1.V29.Lib.csproj", "{BFECAD6A-C76F-437D-87D1-5C5E1DBE615A}"
EndProject
Project("{FAE04EC0-301F-11D3-BF4B-00C04F79EFBC}") = "Tyuiu.BakhtiyarovDR.Sprint5.Task1.V29.Test", "Tyuiu.BakhtiyarovDR.Sprint5.Task1.V29.Test\Tyuiu.BakhtiyarovDR.Sprint5.Task1.V29.Test.csproj", "{84554974-7887-4DFC-BC63-7A77CD0C99A1}"
EndProject
Project("{2150E333-8FDC-42A3-9474-1A3956D46DE8}") = "Task2", "Task2", "{3CCF5912-D214-4C9A-9D14-56244439CCAD}"
EndProject
Project("{FAE04EC0-301F-11D3-BF4B-00C04F79EFBC}") = "Tyuiu.BakhtiyarovDR.Sprint5.Task2.V9", "Tyuiu.BakhtiyarovDR.Sprint5.Task2.V9\Tyuiu.BakhtiyarovDR.Sprint5.Task2.V9.csproj", "{BA106526-60ED-4BEC-9D50-CAC6FA817400}"
EndProject
Project("{FAE04EC0-301F-11D3-BF4B-00C04F79EFBC}") = "Tyuiu.BakhtiyarovDR.Sprint5.Task2.V9.Lib", "Tyuiu.BakhtiyarovDR.Sprint5.Task2.V9.Lib\Tyuiu.BakhtiyarovDR.Sprint5.Task2.V9.Lib.csproj", "{D0EFE8A6-59AE-46FC-9F79-C6862E365FE1}"
EndProject
Project("{FAE04EC0-301F-11D3-BF4B-00C04F79EFBC}") = "Tyuiu.BakhtiyarovDR.Sprint5.Task2.V9.Test", "Tyuiu.BakhtiyarovDR.Sprint5.Task2.V9.Test\Tyuiu.BakhtiyarovDR.Sprint5.Task2.V9.Test.csproj", "{882D8B66-BA02-4ED4-AAA9-E8AAEB8DDA7B}"
EndProject
Project("{2150E333-8FDC-42A3-9474-1A3956D46DE8}") = "Task3", "Task3", "{F4A62483-3056-45DD-B7F7-EB1FA486295D}"
EndProject
Project("{FAE04EC0-301F-11D3-BF4B-00C04F79EFBC}") = "Tyuiu.BakhtiyarovDR.Sprint5.Task3.V7", "Tyuiu.BakhtiyarovDR.Sprint5.Task3.V7\Tyuiu.BakhtiyarovDR.Sprint5.Task3.V7.csproj", "{3BFE9F01-7F92-4213-A1DE-4164B61616A4}"
EndProject
Project("{FAE04EC0-301F-11D3-BF4B-00C04F79EFBC}") = "Tyuiu.BakhtiyarovDR.Sprint5.Task3.V7.Lib", "Tyuiu.BakhtiyarovDR.Sprint5.Task3.V7.Lib\Tyuiu.BakhtiyarovDR.Sprint5.Task3.V7.Lib.csproj", "{931CF0CB-4304-45E0-8E47-6D9E55614545}"
EndProject
Project("{FAE04EC0-301F-11D3-BF4B-00C04F79EFBC}") = "Tyuiu.BakhtiyarovDR.Sprint5.Task3.V7.Test", "Tyuiu.BakhtiyarovDR.Sprint5.Task3.V7.Test\Tyuiu.BakhtiyarovDR.Sprint5.Task3.V7.Test.csproj", "{A78B7940-0A88-4252-84A8-5B9BD795A1A3}"
EndProject
Project("{2150E333-8FDC-42A3-9474-1A3956D46DE8}") = "Task4", "Task4", "{5AFB4FEE-40EC-439D-A778-12AB5F5B4BAA}"
EndProject
Project("{FAE04EC0-301F-11D3-BF4B-00C04F79EFBC}") = "Tyuiu.BakhtiyarovDR.Sprint5.Task4.V5", "Tyuiu.BakhtiyarovDR.Sprint5.Task4.V5\Tyuiu.BakhtiyarovDR.Sprint5.Task4.V5.csproj", "{A3AB3C62-7EF3-459D-8AD9-92ECEB220A5D}"
EndProject
Project("{FAE04EC0-301F-11D3-BF4B-00C04F79EFBC}") = "Tyuiu.BakhtiyarovDR.Sprint5.Task4.V5.Lib", "Tyuiu.BakhtiyarovDR.Sprint5.Task4.V5.Lib\Tyuiu.BakhtiyarovDR.Sprint5.Task4.V5.Lib.csproj", "{0E719F7D-E2E7-433D-814D-BB943CEE4BD4}"
EndProject
Project("{FAE04EC0-301F-11D3-BF4B-00C04F79EFBC}") = "Tyuiu.BakhtiyarovDR.Sprint5.Task4.V5.Test", "Tyuiu.BakhtiyarovDR.Sprint5.Task4.V5.Test\Tyuiu.BakhtiyarovDR.Sprint5.Task4.V5.Test.csproj", "{FC30C75F-F3FB-4F53-9E5C-413692A83E58}"
EndProject
Project("{2150E333-8FDC-42A3-9474-1A3956D46DE8}") = "Task5", "Task5", "{023DB117-1626-4780-BF7B-34091C75FADD}"
EndProject
Project("{FAE04EC0-301F-11D3-BF4B-00C04F79EFBC}") = "Tyuiu.BakhtiyarovDR.Sprint5.Task5.V10", "Tyuiu.BakhtiyarovDR.Sprint5.Task5.V10\Tyuiu.BakhtiyarovDR.Sprint5.Task5.V10.csproj", "{2014B0E2-11B8-4D44-A6ED-DFBA88069E67}"
EndProject
Project("{FAE04EC0-301F-11D3-BF4B-00C04F79EFBC}") = "Tyuiu.BakhtiyarovDR.Sprint5.Task5.V10.Lib", "Tyuiu.BakhtiyarovDR.Sprint5.Task5.V10.Lib\Tyuiu.BakhtiyarovDR.Sprint5.Task5.V10.Lib.csproj", "{9566C38D-C181-46F6-ADF5-ACC57D493290}"
EndProject
Project("{FAE04EC0-301F-11D3-BF4B-00C04F79EFBC}") = "Tyuiu.BakhtiyarovDR.Sprint5.Task5.V10.Test", "Tyuiu.BakhtiyarovDR.Sprint5.Task5.V10.Test\Tyuiu.BakhtiyarovDR.Sprint5.Task5.V10.Test.csproj", "{F76CAC40-3982-4D0A-BE8B-A28638FCC947}"
EndProject
Project("{2150E333-8FDC-42A3-9474-1A3956D46DE8}") = "Task6", "Task6", "{E33BF658-B52C-4835-95CD-D72508C0CFD3}"
EndProject
Project("{FAE04EC0-301F-11D3-BF4B-00C04F79EFBC}") = "Tyuiu.BakhtiyarovDR.Sprint5.Task6.V4", "Tyuiu.BakhtiyarovDR.Sprint5.Task6.V4\Tyuiu.BakhtiyarovDR.Sprint5.Task6.V4.csproj", "{D0091B57-AA3D-4FF2-AE97-4E4C97998627}"
EndProject
Project("{FAE04EC0-301F-11D3-BF4B-00C04F79EFBC}") = "Tyuiu.BakhtiyarovDR.Sprint5.Task6.V4.Lib", "Tyuiu.BakhtiyarovDR.Sprint5.Task6.V4.Lib\Tyuiu.BakhtiyarovDR.Sprint5.Task6.V4.Lib.csproj", "{36B68E14-4F42-4337-9DE9-185255E73566}"
EndProject
Project("{FAE04EC0-301F-11D3-BF4B-00C04F79EFBC}") = "Tyuiu.BakhtiyarovDR.Sprint5.Task6.V4.Test", "Tyuiu.BakhtiyarovDR.Sprint5.Task6.V4.Test\Tyuiu.BakhtiyarovDR.Sprint5.Task6.V4.Test.csproj", "{D6FCC1FD-74C3-4BF7-9017-0800C230E7E9}"
EndProject
Project("{2150E333-8FDC-42A3-9474-1A3956D46DE8}") = "Task7", "Task7", "{1E5E617E-4769-4FFD-BB2E-88E986F41EA2}"
EndProject
Project("{FAE04EC0-301F-11D3-BF4B-00C04F79EFBC}") = "Tyuiu.BakhtiyarovDR.Sprint5.Task7.V4", "Tyuiu.BakhtiyarovDR.Sprint5.Task7.V4\Tyuiu.BakhtiyarovDR.Sprint5.Task7.V4.csproj", "{01E980CC-7AB2-448F-B5D5-F7E624C23797}"
EndProject
Project("{FAE04EC0-301F-11D3-BF4B-00C04F79EFBC}") = "Tyuiu.BakhtiyarovDR.Sprint5.Task7.V4.Lib", "Tyuiu.BakhtiyarovDR.Sprint5.Task7.V4.Lib\Tyuiu.BakhtiyarovDR.Sprint5.Task7.V4.Lib.csproj", "{C4A5034C-637E-484C-9BB6-A7882485B362}"
EndProject
Project("{FAE04EC0-301F-11D3-BF4B-00C04F79EFBC}") = "Tyuiu.BakhtiyarovDR.Sprint5.Task7.V4.Test", "Tyuiu.BakhtiyarovDR.Sprint5.Task7.V4.Test\Tyuiu.BakhtiyarovDR.Sprint5.Task7.V4.Test.csproj", "{FAE11625-ED55-4B13-B3B0-CE1E063E381D}"
EndProject
Global
	GlobalSection(SolutionConfigurationPlatforms) = preSolution
		Debug|Any CPU = Debug|Any CPU
		Release|Any CPU = Release|Any CPU
	EndGlobalSection
	GlobalSection(ProjectConfigurationPlatforms) = postSolution
		{943C64A6-0C12-4653-BD05-5AA6A580F877}.Debug|Any CPU.ActiveCfg = Debug|Any CPU
		{943C64A6-0C12-4653-BD05-5AA6A580F877}.Debug|Any CPU.Build.0 = Debug|Any CPU
		{943C64A6-0C12-4653-BD05-5AA6A580F877}.Release|Any CPU.ActiveCfg = Release|Any CPU
		{943C64A6-0C12-4653-BD05-5AA6A580F877}.Release|Any CPU.Build.0 = Release|Any CPU
		{45E61E63-83A6-405E-A437-D19888C5BB45}.Debug|Any CPU.ActiveCfg = Debug|Any CPU
		{45E61E63-83A6-405E-A437-D19888C5BB45}.Debug|Any CPU.Build.0 = Debug|Any CPU
		{45E61E63-83A6-405E-A437-D19888C5BB45}.Release|Any CPU.ActiveCfg = Release|Any CPU
		{45E61E63-83A6-405E-A437-D19888C5BB45}.Release|Any CPU.Build.0 = Release|Any CPU
		{D4D2ADE4-F691-4CD5-AD26-FB5F81875C85}.Debug|Any CPU.ActiveCfg = Debug|Any CPU
		{D4D2ADE4-F691-4CD5-AD26-FB5F81875C85}.Debug|Any CPU.Build.0 = Debug|Any CPU
		{D4D2ADE4-F691-4CD5-AD26-FB5F81875C85}.Release|Any CPU.ActiveCfg = Release|Any CPU
		{D4D2ADE4-F691-4CD5-AD26-FB5F81875C85}.Release|Any CPU.Build.0 = Release|Any CPU
		{C68B5425-73E1-42BB-8502-1F121C1C01B9}.Debug|Any CPU.ActiveCfg = Debug|Any CPU
		{C68B5425-73E1-42BB-8502-1F121C1C01B9}.Debug|Any CPU.Build.0 = Debug|Any CPU
		{C68B5425-73E1-42BB-8502-1F121C1C01B9}.Release|Any CPU.ActiveCfg = Release|Any CPU
		{C68B5425-73E1-42BB-8502-1F121C1C01B9}.Release|Any CPU.Build.0 = Release|Any CPU
		{BFECAD6A-C76F-437D-87D1-5C5E1DBE615A}.Debug|Any CPU.ActiveCfg = Debug|Any CPU
		{BFECAD6A-C76F-437D-87D1-5C5E1DBE615A}.Debug|Any CPU.Build.0 = Debug|Any CPU
		{BFECAD6A-C76F-437D-87D1-5C5E1DBE615A}.Release|Any CPU.ActiveCfg = Release|Any CPU
		{BFECAD6A-C76F-437D-87D1-5C5E1DBE615A}.Release|Any CPU.Build.0 = Release|Any CPU
		{84554974-7887-4DFC-BC63-7A77CD0C99A1}.Debug|Any CPU.ActiveCfg = Debug|Any CPU
		{84554974-7887-4DFC-BC63-7A77CD0C99A1}.Debug|Any CPU.Build.0 = Debug|Any CPU
		{84554974-7887-4DFC-BC63-7A77CD0C99A1}.Release|Any CPU.ActiveCfg = Release|Any CPU
		{84554974-7887-4DFC-BC63-7A77CD0C99A1}.Release|Any CPU.Build.0 = Release|Any CPU
		{BA106526-60ED-4BEC-9D50-CAC6FA817400}.Debug|Any CPU.ActiveCfg = Debug|Any CPU
		{BA106526-60ED-4BEC-9D50-CAC6FA817400}.Debug|Any CPU.Build.0 = Debug|Any CPU
		{BA106526-60ED-4BEC-9D50-CAC6FA817400}.Release|Any CPU.ActiveCfg = Release|Any CPU
		{BA106526-60ED-4BEC-9D50-CAC6FA817400}.Release|Any CPU.Build.0 = Release|Any CPU
		{D0EFE8A6-59AE-46FC-9F79-C6862E365FE1}.Debug|Any CPU.ActiveCfg = Debug|Any CPU
		{D0EFE8A6-59AE-46FC-9F79-C6862E365FE1}.Debug|Any CPU.Build.0 = Debug|Any CPU
		{D0EFE8A6-59AE-46FC-9F79-C6862E365FE1}.Release|Any CPU.ActiveCfg = Release|Any CPU
		{D0EFE8A6-59AE-46FC-9F79-C6862E365FE1}.Release|Any CPU.Build.0 = Release|Any CPU
		{882D8B66-BA02-4ED4-AAA9-E8AAEB8DDA7B}.Debug|Any CPU.ActiveCfg = Debug|Any CPU
		{882D8B66-BA02-4ED4-AAA9-E8AAEB8DDA7B}.Debug|Any CPU.Build.0 = Debug|Any CPU
		{882D8B66-BA02-4ED4-AAA9-E8AAEB8DDA7B}.Release|Any CPU.ActiveCfg = Release|Any CPU
		{882D8B66-BA02-4ED4-AAA9-E8AAEB8DDA7B}.Release|Any CPU.Build.0 = Release|Any CPU
		{3BFE9F01-7F92-4213-A1DE-4164B61616A4}.Debug|Any CPU.ActiveCfg = Debug|Any CPU
		{3BFE9F01-7F92-4213-A1DE-4164B61616A4}.Debug|Any CPU.Build.0 = Debug|Any CPU
		{3BFE9F01-7F92-4213-A1DE-4164B61616A4}.Release|Any CPU.ActiveCfg = Release|Any CPU
		{3BFE9F01-7F92-4213-A1DE-4164B61616A4}.Release|Any CPU.Build.0 = Release|Any CPU
		{931CF0CB-4304-45E0-8E47-6D9E55614545}.Debug|Any CPU.ActiveCfg = Debug|Any CPU
		{931CF0CB-4304-45E0-8E47-6D9E55614545}.Debug|Any CPU.Build.0 = Debug|Any CPU
		{931CF0CB-4304-45E0-8E47-6D9E55614545}.Release|Any CPU.ActiveCfg = Release|Any CPU
		{931CF0CB-4304-45E0-8E47-6D9E55614545}.Release|Any CPU.Build.0 = Release|Any CPU
		{A78B7940-0A88-4252-84A8-5B9BD795A1A3}.Debug|Any CPU.ActiveCfg = Debug|Any CPU
		{A78B7940-0A88-4252-84A8-5B9BD795A1A3}.Debug|Any CPU.Build.0 = Debug|Any CPU
		{A78B7940-0A88-4252-84A8-5B9BD795A1A3}.Release|Any CPU.ActiveCfg = Release|Any CPU
		{A78B7940-0A88-4252-84A8-5B9BD795A1A3}.Release|Any CPU.Build.0 = Release|Any CPU
		{A3AB3C62-7EF3-459D-8AD9-92ECEB220A5D}.Debug|Any CPU.ActiveCfg = Debug|Any CPU
		{A3AB3C62-7EF3-459D-8AD9-92ECEB220A5D}.Debug|Any CPU.Build.0 = Debug|Any CPU
		{A3AB3C62-7EF3-459D-8AD9-92ECEB220A5D}.Release|Any CPU.ActiveCfg = Release|Any CPU
		{A3AB3C62-7EF3-459D-8AD9-92ECEB220A5D}.Release|Any CPU.Build.0 = Release|Any CPU
		{0E719F7D-E2E7-433D-814D-BB943CEE4BD4}.Debug|Any CPU.ActiveCfg = Debug|Any CPU
		{0E719F7D-E2E7-433D-814D-BB943CEE4BD4}.Debug|Any CPU.Build.0 = Debug|Any CPU
		{0E719F7D-E2E7-433D-814D-BB943CEE4BD4}.Release|Any CPU.ActiveCfg = Release|Any CPU
		{0E719F7D-E2E7-433D-814D-BB943CEE4BD4}.Release|Any CPU.Build.0 = Release|Any CPU
		{FC30C75F-F3FB-4F53-9E5C-413692A83E58}.Debug|Any CPU.ActiveCfg = Debug|Any CPU
		{FC30C75F-F3FB-4F53-9E5C-413692A83E58}.Debug|Any CPU.Build.0 = Debug|Any CPU
		{FC30C75F-F3FB-4F53-9E5C-413692A83E58}.Release|Any CPU.ActiveCfg = Release|Any CPU
		{FC30C75F-F3FB-4F53-9E5C-413692A83E58}.Release|Any CPU.Build.0 = Release|Any CPU
		{2014B0E2-11B8-4D44-A6ED-DFBA88069E67}.Debug|Any CPU.ActiveCfg = Debug|Any CPU
		{2014B0E2-11B8-4D44-A6ED-DFBA88069E67}.Debug|Any CPU.Build.0 = Debug|Any CPU
		{2014B0E2-11B8-4D44-A6ED-DFBA88069E67}.Release|Any CPU.ActiveCfg = Release|Any CPU
		{2014B0E2-11B8-4D44-A6ED-DFBA88069E67}.Release|Any CPU.Build.0 = Release|Any CPU
		{9566C38D-C181-46F6-ADF5-ACC57D493290}.Debug|Any CPU.ActiveCfg = Debug|Any CPU
		{9566C38D-C181-46F6-ADF5-ACC57D493290}.Debug|Any CPU.Build.0 = Debug|Any CPU
		{9566C38D-C181-46F6-ADF5-ACC57D493290}.Release|Any CPU.ActiveCfg = Release|Any CPU
		{9566C38D-C181-46F6-ADF5-ACC57D493290}.Release|Any CPU.Build.0 = Release|Any CPU
		{F76CAC40-3982-4D0A-BE8B-A28638FCC947}.Debug|Any CPU.ActiveCfg = Debug|Any CPU
		{F76CAC40-3982-4D0A-BE8B-A28638FCC947}.Debug|Any CPU.Build.0 = Debug|Any CPU
		{F76CAC40-3982-4D0A-BE8B-A28638FCC947}.Release|Any CPU.ActiveCfg = Release|Any CPU
		{F76CAC40-3982-4D0A-BE8B-A28638FCC947}.Release|Any CPU.Build.0 = Release|Any CPU
		{D0091B57-AA3D-4FF2-AE97-4E4C97998627}.Debug|Any CPU.ActiveCfg = Debug|Any CPU
		{D0091B57-AA3D-4FF2-AE97-4E4C97998627}.Debug|Any CPU.Build.0 = Debug|Any CPU
		{D0091B57-AA3D-4FF2-AE97-4E4C97998627}.Release|Any CPU.ActiveCfg = Release|Any CPU
		{D0091B57-AA3D-4FF2-AE97-4E4C97998627}.Release|Any CPU.Build.0 = Release|Any CPU
		{36B68E14-4F42-4337-9DE9-185255E73566}.Debug|Any CPU.ActiveCfg = Debug|Any CPU
		{36B68E14-4F42-4337-9DE9-185255E73566}.Debug|Any CPU.Build.0 = Debug|Any CPU
		{36B68E14-4F42-4337-9DE9-185255E73566}.Release|Any CPU.ActiveCfg = Release|Any CPU
		{36B68E14-4F42-4337-9DE9-185255E73566}.Release|Any CPU.Build.0 = Release|Any CPU
		{D6FCC1FD-74C3-4BF7-9017-0800C230E7E9}.Debug|Any CPU.ActiveCfg = Debug|Any CPU
		{D6FCC1FD-74C3-4BF7-9017-0800C230E7E9}.Debug|Any CPU.Build.0 = Debug|Any CPU
		{D6FCC1FD-74C3-4BF7-9017-0800C230E7E9}.Release|Any CPU.ActiveCfg = Release|Any CPU
		{D6FCC1FD-74C3-4BF7-9017-0800C230E7E9}.Release|Any CPU.Build.0 = Release|Any CPU
		{01E980CC-7AB2-448F-B5D5-F7E624C23797}.Debug|Any CPU.ActiveCfg = Debug|Any CPU
		{01E980CC-7AB2-448F-B5D5-F7E624C23797}.Debug|Any CPU.Build.0 = Debug|Any CPU
		{01E980CC-7AB2-448F-B5D5-F7E624C23797}.Release|Any CPU.ActiveCfg = Release|Any CPU
		{01E980CC-7AB2-448F-B5D5-F7E624C23797}.Release|Any CPU.Build.0 = Release|Any CPU
		{C4A5034C-637E-484C-9BB6-A7882485B362}.Debug|Any CPU.ActiveCfg = Debug|Any CPU
		{C4A5034C-637E-484C-9BB6-A7882485B362}.Debug|Any CPU.Build.0 = Debug|Any CPU
		{C4A5034C-637E-484C-9BB6-A7882485B362}.Release|Any CPU.ActiveCfg = Release|Any CPU
		{C4A5034C-637E-484C-9BB6-A7882485B362}.Release|Any CPU.Build.0 = Release|Any CPU
		{FAE11625-ED55-4B13-B3B0-CE1E063E381D}.Debug|Any CPU.ActiveCfg = Debug|Any CPU
		{FAE11625-ED55-4B13-B3B0-CE1E063E381D}.Debug|Any CPU.Build.0 = Debug|Any CPU
		{FAE11625-ED55-4B13-B3B0-CE1E063E381D}.Release|Any CPU.ActiveCfg = Release|Any CPU
		{FAE11625-ED55-4B13-B3B0-CE1E063E381D}.Release|Any CPU.Build.0 = Release|Any CPU
	EndGlobalSection
	GlobalSection(SolutionProperties) = preSolution
		HideSolutionNode = FALSE
	EndGlobalSection
	GlobalSection(NestedProjects) = preSolution
		{943C64A6-0C12-4653-BD05-5AA6A580F877} = {9E45725B-A123-4F8A-9F4A-4BF4523812E5}
		{45E61E63-83A6-405E-A437-D19888C5BB45} = {9E45725B-A123-4F8A-9F4A-4BF4523812E5}
		{D4D2ADE4-F691-4CD5-AD26-FB5F81875C85} = {9E45725B-A123-4F8A-9F4A-4BF4523812E5}
		{C68B5425-73E1-42BB-8502-1F121C1C01B9} = {15617700-7565-4100-933D-215EAC7A5C2E}
		{BFECAD6A-C76F-437D-87D1-5C5E1DBE615A} = {15617700-7565-4100-933D-215EAC7A5C2E}
		{84554974-7887-4DFC-BC63-7A77CD0C99A1} = {15617700-7565-4100-933D-215EAC7A5C2E}
		{BA106526-60ED-4BEC-9D50-CAC6FA817400} = {3CCF5912-D214-4C9A-9D14-56244439CCAD}
		{D0EFE8A6-59AE-46FC-9F79-C6862E365FE1} = {3CCF5912-D214-4C9A-9D14-56244439CCAD}
		{882D8B66-BA02-4ED4-AAA9-E8AAEB8DDA7B} = {3CCF5912-D214-4C9A-9D14-56244439CCAD}
		{3BFE9F01-7F92-4213-A1DE-4164B61616A4} = {F4A62483-3056-45DD-B7F7-EB1FA486295D}
		{931CF0CB-4304-45E0-8E47-6D9E55614545} = {F4A62483-3056-45DD-B7F7-EB1FA486295D}
		{A78B7940-0A88-4252-84A8-5B9BD795A1A3} = {F4A62483-3056-45DD-B7F7-EB1FA486295D}
		{A3AB3C62-7EF3-459D-8AD9-92ECEB220A5D} = {5AFB4FEE-40EC-439D-A778-12AB5F5B4BAA}
		{0E719F7D-E2E7-433D-814D-BB943CEE4BD4} = {5AFB4FEE-40EC-439D-A778-12AB5F5B4BAA}
		{FC30C75F-F3FB-4F53-9E5C-413692A83E58} = {5AFB4FEE-40EC-439D-A778-12AB5F5B4BAA}
		{2014B0E2-11B8-4D44-A6ED-DFBA88069E67} = {023DB117-1626-4780-BF7B-34091C75FADD}
		{9566C38D-C181-46F6-ADF5-ACC57D493290} = {023DB117-1626-4780-BF7B-34091C75FADD}
		{F76CAC40-3982-4D0A-BE8B-A28638FCC947} = {023DB117-1626-4780-BF7B-34091C75FADD}
		{D0091B57-AA3D-4FF2-AE97-4E4C97998627} = {E33BF658-B52C-4835-95CD-D72508C0CFD3}
		{36B68E14-4F42-4337-9DE9-185255E73566} = {E33BF658-B52C-4835-95CD-D72508C0CFD3}
		{D6FCC1FD-74C3-4BF7-9017-0800C230E7E9} = {E33BF658-B52C-4835-95CD-D72508C0CFD3}
		{01E980CC-7AB2-448F-B5D5-F7E624C23797} = {1E5E617E-4769-4FFD-BB2E-88E986F41EA2}
		{C4A5034C-637E-484C-9BB6-A7882485B362} = {1E5E617E-4769-4FFD-BB2E-88E986F41EA2}
		{FAE11625-ED55-4B13-B3B0-CE1E063E381D} = {1E5E617E-4769-4FFD-BB2E-88E986F41EA2}
	EndGlobalSection
	GlobalSection(ExtensibilityGlobals) = postSolution
		SolutionGuid = {08CDC437-4099-408C-9EED-51045F3901E0}
	EndGlobalSection
EndGlobal
